
Microsoft Visual Studio Solution File, Format Version 12.00
# Visual Studio Version 17
VisualStudioVersion = 17.0.32126.317
MinimumVisualStudioVersion = 10.0.40219.1
Project("{8BC9CEB8-8B4A-11D0-8D11-00A0C91BC942}") = "arrays", "arrays\arrays.vcxproj", "{41744B51-555D-4D63-BDB4-DBF903C23662}"
EndProject
Project("{8BC9CEB8-8B4A-11D0-8D11-00A0C91BC942}") = "Shift", "Shift\Shift.vcxproj", "{EFA179C8-675C-4397-9A40-47A458DCE238}"
EndProject
Project("{8BC9CEB8-8B4A-11D0-8D11-00A0C91BC942}") = "Numerics", "Numerics\Numerics.vcxproj", "{0F19C8D3-FC9C-44AA-AF71-2439CAD4760F}"
EndProject
Project("{8BC9CEB8-8B4A-11D0-8D11-00A0C91BC942}") = "Sort", "Sort\Sort.vcxproj", "{30BBD880-2376-47E6-ABF3-A0CE04535690}"
EndProject
Project("{8BC9CEB8-8B4A-11D0-8D11-00A0C91BC942}") = "UniqueRand", "UniqueRand\UniqueRand.vcxproj", "{31AB2D87-4917-4248-8096-622B55129914}"
EndProject
Project("{8BC9CEB8-8B4A-11D0-8D11-00A0C91BC942}") = "Duplicates", "Duplicates\Duplicates.vcxproj", "{8F0BF013-A3FD-4882-8C96-9CDE245E8D8E}"
EndProject
Project("{8BC9CEB8-8B4A-11D0-8D11-00A0C91BC942}") = "2D", "2D\2D.vcxproj", "{22852096-D0EE-41A0-9C77-5E6DF54BD21B}"
EndProject
Project("{8BC9CEB8-8B4A-11D0-8D11-00A0C91BC942}") = "matrix", "matrix\matrix.vcxproj", "{F1F3786D-2366-4511-8597-8320C010AAE1}"
EndProject
Project("{8BC9CEB8-8B4A-11D0-8D11-00A0C91BC942}") = "Determinant", "Determinant\Determinant.vcxproj", "{71923CB4-6A8E-49A9-98AE-6BBCBEF71060}"
EndProject
Global
	GlobalSection(SolutionConfigurationPlatforms) = preSolution
		Debug|x64 = Debug|x64
		Debug|x86 = Debug|x86
		Release|x64 = Release|x64
		Release|x86 = Release|x86
	EndGlobalSection
	GlobalSection(ProjectConfigurationPlatforms) = postSolution
		{41744B51-555D-4D63-BDB4-DBF903C23662}.Debug|x64.ActiveCfg = Debug|x64
		{41744B51-555D-4D63-BDB4-DBF903C23662}.Debug|x64.Build.0 = Debug|x64
		{41744B51-555D-4D63-BDB4-DBF903C23662}.Debug|x86.ActiveCfg = Debug|Win32
		{41744B51-555D-4D63-BDB4-DBF903C23662}.Debug|x86.Build.0 = Debug|Win32
		{41744B51-555D-4D63-BDB4-DBF903C23662}.Release|x64.ActiveCfg = Release|x64
		{41744B51-555D-4D63-BDB4-DBF903C23662}.Release|x64.Build.0 = Release|x64
		{41744B51-555D-4D63-BDB4-DBF903C23662}.Release|x86.ActiveCfg = Release|Win32
		{41744B51-555D-4D63-BDB4-DBF903C23662}.Release|x86.Build.0 = Release|Win32
		{EFA179C8-675C-4397-9A40-47A458DCE238}.Debug|x64.ActiveCfg = Debug|x64
		{EFA179C8-675C-4397-9A40-47A458DCE238}.Debug|x64.Build.0 = Debug|x64
		{EFA179C8-675C-4397-9A40-47A458DCE238}.Debug|x86.ActiveCfg = Debug|Win32
		{EFA179C8-675C-4397-9A40-47A458DCE238}.Debug|x86.Build.0 = Debug|Win32
		{EFA179C8-675C-4397-9A40-47A458DCE238}.Release|x64.ActiveCfg = Release|x64
		{EFA179C8-675C-4397-9A40-47A458DCE238}.Release|x64.Build.0 = Release|x64
		{EFA179C8-675C-4397-9A40-47A458DCE238}.Release|x86.ActiveCfg = Release|Win32
		{EFA179C8-675C-4397-9A40-47A458DCE238}.Release|x86.Build.0 = Release|Win32
		{0F19C8D3-FC9C-44AA-AF71-2439CAD4760F}.Debug|x64.ActiveCfg = Debug|x64
		{0F19C8D3-FC9C-44AA-AF71-2439CAD4760F}.Debug|x64.Build.0 = Debug|x64
		{0F19C8D3-FC9C-44AA-AF71-2439CAD4760F}.Debug|x86.ActiveCfg = Debug|Win32
		{0F19C8D3-FC9C-44AA-AF71-2439CAD4760F}.Debug|x86.Build.0 = Debug|Win32
		{0F19C8D3-FC9C-44AA-AF71-2439CAD4760F}.Release|x64.ActiveCfg = Release|x64
		{0F19C8D3-FC9C-44AA-AF71-2439CAD4760F}.Release|x64.Build.0 = Release|x64
		{0F19C8D3-FC9C-44AA-AF71-2439CAD4760F}.Release|x86.ActiveCfg = Release|Win32
		{0F19C8D3-FC9C-44AA-AF71-2439CAD4760F}.Release|x86.Build.0 = Release|Win32
		{30BBD880-2376-47E6-ABF3-A0CE04535690}.Debug|x64.ActiveCfg = Debug|x64
		{30BBD880-2376-47E6-ABF3-A0CE04535690}.Debug|x64.Build.0 = Debug|x64
		{30BBD880-2376-47E6-ABF3-A0CE04535690}.Debug|x86.ActiveCfg = Debug|Win32
		{30BBD880-2376-47E6-ABF3-A0CE04535690}.Debug|x86.Build.0 = Debug|Win32
		{30BBD880-2376-47E6-ABF3-A0CE04535690}.Release|x64.ActiveCfg = Release|x64
		{30BBD880-2376-47E6-ABF3-A0CE04535690}.Release|x64.Build.0 = Release|x64
		{30BBD880-2376-47E6-ABF3-A0CE04535690}.Release|x86.ActiveCfg = Release|Win32
		{30BBD880-2376-47E6-ABF3-A0CE04535690}.Release|x86.Build.0 = Release|Win32
		{31AB2D87-4917-4248-8096-622B55129914}.Debug|x64.ActiveCfg = Debug|x64
		{31AB2D87-4917-4248-8096-622B55129914}.Debug|x64.Build.0 = Debug|x64
		{31AB2D87-4917-4248-8096-622B55129914}.Debug|x86.ActiveCfg = Debug|Win32
		{31AB2D87-4917-4248-8096-622B55129914}.Debug|x86.Build.0 = Debug|Win32
		{31AB2D87-4917-4248-8096-622B55129914}.Release|x64.ActiveCfg = Release|x64
		{31AB2D87-4917-4248-8096-622B55129914}.Release|x64.Build.0 = Release|x64
		{31AB2D87-4917-4248-8096-622B55129914}.Release|x86.ActiveCfg = Release|Win32
		{31AB2D87-4917-4248-8096-622B55129914}.Release|x86.Build.0 = Release|Win32
		{8F0BF013-A3FD-4882-8C96-9CDE245E8D8E}.Debug|x64.ActiveCfg = Debug|x64
		{8F0BF013-A3FD-4882-8C96-9CDE245E8D8E}.Debug|x64.Build.0 = Debug|x64
		{8F0BF013-A3FD-4882-8C96-9CDE245E8D8E}.Debug|x86.ActiveCfg = Debug|Win32
		{8F0BF013-A3FD-4882-8C96-9CDE245E8D8E}.Debug|x86.Build.0 = Debug|Win32
		{8F0BF013-A3FD-4882-8C96-9CDE245E8D8E}.Release|x64.ActiveCfg = Release|x64
		{8F0BF013-A3FD-4882-8C96-9CDE245E8D8E}.Release|x64.Build.0 = Release|x64
		{8F0BF013-A3FD-4882-8C96-9CDE245E8D8E}.Release|x86.ActiveCfg = Release|Win32
		{8F0BF013-A3FD-4882-8C96-9CDE245E8D8E}.Release|x86.Build.0 = Release|Win32
		{22852096-D0EE-41A0-9C77-5E6DF54BD21B}.Debug|x64.ActiveCfg = Debug|x64
		{22852096-D0EE-41A0-9C77-5E6DF54BD21B}.Debug|x64.Build.0 = Debug|x64
		{22852096-D0EE-41A0-9C77-5E6DF54BD21B}.Debug|x86.ActiveCfg = Debug|Win32
		{22852096-D0EE-41A0-9C77-5E6DF54BD21B}.Debug|x86.Build.0 = Debug|Win32
		{22852096-D0EE-41A0-9C77-5E6DF54BD21B}.Release|x64.ActiveCfg = Release|x64
		{22852096-D0EE-41A0-9C77-5E6DF54BD21B}.Release|x64.Build.0 = Release|x64
		{22852096-D0EE-41A0-9C77-5E6DF54BD21B}.Release|x86.ActiveCfg = Release|Win32
		{22852096-D0EE-41A0-9C77-5E6DF54BD21B}.Release|x86.Build.0 = Release|Win32
		{F1F3786D-2366-4511-8597-8320C010AAE1}.Debug|x64.ActiveCfg = Debug|x64
		{F1F3786D-2366-4511-8597-8320C010AAE1}.Debug|x64.Build.0 = Debug|x64
		{F1F3786D-2366-4511-8597-8320C010AAE1}.Debug|x86.ActiveCfg = Debug|Win32
		{F1F3786D-2366-4511-8597-8320C010AAE1}.Debug|x86.Build.0 = Debug|Win32
		{F1F3786D-2366-4511-8597-8320C010AAE1}.Release|x64.ActiveCfg = Release|x64
		{F1F3786D-2366-4511-8597-8320C010AAE1}.Release|x64.Build.0 = Release|x64
		{F1F3786D-2366-4511-8597-8320C010AAE1}.Release|x86.ActiveCfg = Release|Win32
		{F1F3786D-2366-4511-8597-8320C010AAE1}.Release|x86.Build.0 = Release|Win32
		{71923CB4-6A8E-49A9-98AE-6BBCBEF71060}.Debug|x64.ActiveCfg = Debug|x64
		{71923CB4-6A8E-49A9-98AE-6BBCBEF71060}.Debug|x64.Build.0 = Debug|x64
		{71923CB4-6A8E-49A9-98AE-6BBCBEF71060}.Debug|x86.ActiveCfg = Debug|Win32
		{71923CB4-6A8E-49A9-98AE-6BBCBEF71060}.Debug|x86.Build.0 = Debug|Win32
		{71923CB4-6A8E-49A9-98AE-6BBCBEF71060}.Release|x64.ActiveCfg = Release|x64
		{71923CB4-6A8E-49A9-98AE-6BBCBEF71060}.Release|x64.Build.0 = Release|x64
		{71923CB4-6A8E-49A9-98AE-6BBCBEF71060}.Release|x86.ActiveCfg = Release|Win32
		{71923CB4-6A8E-49A9-98AE-6BBCBEF71060}.Release|x86.Build.0 = Release|Win32
	EndGlobalSection
	GlobalSection(SolutionProperties) = preSolution
		HideSolutionNode = FALSE
	EndGlobalSection
	GlobalSection(ExtensibilityGlobals) = postSolution
		SolutionGuid = {73413039-2417-4F3B-92E7-7AE47FAE08DB}
	EndGlobalSection
EndGlobal
